// !$*UTF8*$!
{
	archiveVersion = 1;
	classes = {
	};
	objectVersion = 56;
	objects = {

/* Begin PBXBuildFile section */
		BA36056A2A9558FB00A01FD2 /* player.cpp in Sources */ = {isa = PBXBuildFile; fileRef = BA3605682A9558FB00A01FD2 /* player.cpp */; };
		BA36056D2A955D9900A01FD2 /* SDL2_image.framework in Frameworks */ = {isa = PBXBuildFile; fileRef = BA36056C2A955D9900A01FD2 /* SDL2_image.framework */; };
		BA3D3AFC2A90268700B55A23 /* SDL2.framework in Frameworks */ = {isa = PBXBuildFile; fileRef = BA3D3AFB2A90268700B55A23 /* SDL2.framework */; };
		BA3D3B022A902CC200B55A23 /* input.cpp in Sources */ = {isa = PBXBuildFile; fileRef = BA3D3B002A902CC200B55A23 /* input.cpp */; };
		BA3D3B052A902EAB00B55A23 /* draw.cpp in Sources */ = {isa = PBXBuildFile; fileRef = BA3D3B032A902EAB00B55A23 /* draw.cpp */; };
		BA3D3B072A90324500B55A23 /* app.cpp in Sources */ = {isa = PBXBuildFile; fileRef = BA3D3B062A90324500B55A23 /* app.cpp */; };
		BAB9CF6E2A8E8D3E006E31FB /* main.cpp in Sources */ = {isa = PBXBuildFile; fileRef = BAB9CF6D2A8E8D3E006E31FB /* main.cpp */; };
/* End PBXBuildFile section */

/* Begin PBXCopyFilesBuildPhase section */
		BAB9CF682A8E8D3E006E31FB /* CopyFiles */ = {
			isa = PBXCopyFilesBuildPhase;
			buildActionMask = 2147483647;
			dstPath = /usr/share/man/man1/;
			dstSubfolderSpec = 0;
			files = (
			);
			runOnlyForDeploymentPostprocessing = 1;
		};
		BAB9CF9C2A8E90B2006E31FB /* Embed Frameworks */ = {
			isa = PBXCopyFilesBuildPhase;
			buildActionMask = 2147483647;
			dstPath = "";
			dstSubfolderSpec = 10;
			files = (
			);
			name = "Embed Frameworks";
			runOnlyForDeploymentPostprocessing = 0;
		};
/* End PBXCopyFilesBuildPhase section */

/* Begin PBXFileReference section */
		BA3605682A9558FB00A01FD2 /* player.cpp */ = {isa = PBXFileReference; lastKnownFileType = sourcecode.cpp.cpp; path = player.cpp; sourceTree = "<group>"; };
		BA3605692A9558FB00A01FD2 /* player.hpp */ = {isa = PBXFileReference; lastKnownFileType = sourcecode.cpp.h; path = player.hpp; sourceTree = "<group>"; };
		BA36056C2A955D9900A01FD2 /* SDL2_image.framework */ = {isa = PBXFileReference; lastKnownFileType = wrapper.framework; name = SDL2_image.framework; path = ../../../../Library/Frameworks/SDL2_image.framework; sourceTree = "<group>"; };
		BA3D3AFB2A90268700B55A23 /* SDL2.framework */ = {isa = PBXFileReference; lastKnownFileType = wrapper.framework; name = SDL2.framework; path = ../../../../Library/Frameworks/SDL2.framework; sourceTree = "<group>"; };
		BA3D3B002A902CC200B55A23 /* input.cpp */ = {isa = PBXFileReference; lastKnownFileType = sourcecode.cpp.cpp; path = input.cpp; sourceTree = "<group>"; };
		BA3D3B012A902CC200B55A23 /* input.hpp */ = {isa = PBXFileReference; lastKnownFileType = sourcecode.cpp.h; path = input.hpp; sourceTree = "<group>"; };
		BA3D3B032A902EAB00B55A23 /* draw.cpp */ = {isa = PBXFileReference; lastKnownFileType = sourcecode.cpp.cpp; path = draw.cpp; sourceTree = "<group>"; };
		BA3D3B042A902EAB00B55A23 /* draw.hpp */ = {isa = PBXFileReference; lastKnownFileType = sourcecode.cpp.h; path = draw.hpp; sourceTree = "<group>"; };
		BA3D3B062A90324500B55A23 /* app.cpp */ = {isa = PBXFileReference; lastKnownFileType = sourcecode.cpp.cpp; path = app.cpp; sourceTree = "<group>"; };
		BAB9CF6A2A8E8D3E006E31FB /* GlyphEngine */ = {isa = PBXFileReference; explicitFileType = "compiled.mach-o.executable"; includeInIndex = 0; path = GlyphEngine; sourceTree = BUILT_PRODUCTS_DIR; };
		BAB9CF6D2A8E8D3E006E31FB /* main.cpp */ = {isa = PBXFileReference; lastKnownFileType = sourcecode.cpp.cpp; path = main.cpp; sourceTree = "<group>"; };
		BACD88082A8EE3C600994987 /* app.h */ = {isa = PBXFileReference; lastKnownFileType = sourcecode.c.h; path = app.h; sourceTree = "<group>"; };
/* End PBXFileReference section */

/* Begin PBXFrameworksBuildPhase section */
		BAB9CF672A8E8D3E006E31FB /* Frameworks */ = {
			isa = PBXFrameworksBuildPhase;
			buildActionMask = 2147483647;
			files = (
				BA3D3AFC2A90268700B55A23 /* SDL2.framework in Frameworks */,
				BA36056D2A955D9900A01FD2 /* SDL2_image.framework in Frameworks */,
			);
			runOnlyForDeploymentPostprocessing = 0;
		};
/* End PBXFrameworksBuildPhase section */

/* Begin PBXGroup section */
		BAB9CF612A8E8D3E006E31FB = {
			isa = PBXGroup;
			children = (
				BAB9CF6C2A8E8D3E006E31FB /* GlyphEngine */,
				BAB9CF6B2A8E8D3E006E31FB /* Products */,
				BAB9CF982A8E909A006E31FB /* Frameworks */,
			);
			sourceTree = "<group>";
		};
		BAB9CF6B2A8E8D3E006E31FB /* Products */ = {
			isa = PBXGroup;
			children = (
				BAB9CF6A2A8E8D3E006E31FB /* GlyphEngine */,
			);
			name = Products;
			sourceTree = "<group>";
		};
		BAB9CF6C2A8E8D3E006E31FB /* GlyphEngine */ = {
			isa = PBXGroup;
			children = (
				BAB9CF6D2A8E8D3E006E31FB /* main.cpp */,
				BA3D3B062A90324500B55A23 /* app.cpp */,
				BACD88082A8EE3C600994987 /* app.h */,
				BA3D3B002A902CC200B55A23 /* input.cpp */,
				BA3D3B012A902CC200B55A23 /* input.hpp */,
				BA3D3B032A902EAB00B55A23 /* draw.cpp */,
				BA3D3B042A902EAB00B55A23 /* draw.hpp */,
				BA3605682A9558FB00A01FD2 /* player.cpp */,
				BA3605692A9558FB00A01FD2 /* player.hpp */,
			);
			path = GlyphEngine;
			sourceTree = "<group>";
		};
		BAB9CF982A8E909A006E31FB /* Frameworks */ = {
			isa = PBXGroup;
			children = (
				BA36056C2A955D9900A01FD2 /* SDL2_image.framework */,
				BA3D3AFB2A90268700B55A23 /* SDL2.framework */,
			);
			name = Frameworks;
			sourceTree = "<group>";
		};
/* End PBXGroup section */

/* Begin PBXNativeTarget section */
		BAB9CF692A8E8D3E006E31FB /* GlyphEngine */ = {
			isa = PBXNativeTarget;
			buildConfigurationList = BAB9CF712A8E8D3E006E31FB /* Build configuration list for PBXNativeTarget "GlyphEngine" */;
			buildPhases = (
				BAB9CF662A8E8D3E006E31FB /* Sources */,
				BAB9CF672A8E8D3E006E31FB /* Frameworks */,
				BAB9CF682A8E8D3E006E31FB /* CopyFiles */,
				BAB9CF9C2A8E90B2006E31FB /* Embed Frameworks */,
			);
			buildRules = (
			);
			dependencies = (
			);
			name = GlyphEngine;
			productName = GlyphEngine;
			productReference = BAB9CF6A2A8E8D3E006E31FB /* GlyphEngine */;
			productType = "com.apple.product-type.tool";
		};
/* End PBXNativeTarget section */

/* Begin PBXProject section */
		BAB9CF622A8E8D3E006E31FB /* Project object */ = {
			isa = PBXProject;
			attributes = {
				BuildIndependentTargetsInParallel = 1;
				LastUpgradeCheck = 1430;
				TargetAttributes = {
					BAB9CF692A8E8D3E006E31FB = {
						CreatedOnToolsVersion = 14.3.1;
					};
				};
			};
			buildConfigurationList = BAB9CF652A8E8D3E006E31FB /* Build configuration list for PBXProject "GlyphEngine" */;
			compatibilityVersion = "Xcode 14.0";
			developmentRegion = en;
			hasScannedForEncodings = 0;
			knownRegions = (
				en,
				Base,
			);
			mainGroup = BAB9CF612A8E8D3E006E31FB;
			productRefGroup = BAB9CF6B2A8E8D3E006E31FB /* Products */;
			projectDirPath = "";
			projectRoot = "";
			targets = (
				BAB9CF692A8E8D3E006E31FB /* GlyphEngine */,
			);
		};
/* End PBXProject section */

/* Begin PBXSourcesBuildPhase section */
		BAB9CF662A8E8D3E006E31FB /* Sources */ = {
			isa = PBXSourcesBuildPhase;
			buildActionMask = 2147483647;
			files = (
				BAB9CF6E2A8E8D3E006E31FB /* main.cpp in Sources */,
				BA36056A2A9558FB00A01FD2 /* player.cpp in Sources */,
				BA3D3B072A90324500B55A23 /* app.cpp in Sources */,
				BA3D3B022A902CC200B55A23 /* input.cpp in Sources */,
				BA3D3B052A902EAB00B55A23 /* draw.cpp in Sources */,
			);
			runOnlyForDeploymentPostprocessing = 0;
		};
/* End PBXSourcesBuildPhase section */

/* Begin XCBuildConfiguration section */
		BAB9CF6F2A8E8D3E006E31FB /* Debug */ = {
			isa = XCBuildConfiguration;
			buildSettings = {
				ALWAYS_SEARCH_USER_PATHS = NO;
				CLANG_ANALYZER_NONNULL = YES;
				CLANG_ANALYZER_NUMBER_OBJECT_CONVERSION = YES_AGGRESSIVE;
				CLANG_CXX_LANGUAGE_STANDARD = "gnu++20";
				CLANG_ENABLE_MODULES = YES;
				CLANG_ENABLE_OBJC_ARC = YES;
				CLANG_ENABLE_OBJC_WEAK = YES;
				CLANG_WARN_BLOCK_CAPTURE_AUTORELEASING = YES;
				CLANG_WARN_BOOL_CONVERSION = YES;
				CLANG_WARN_COMMA = YES;
				CLANG_WARN_CONSTANT_CONVERSION = YES;
				CLANG_WARN_DEPRECATED_OBJC_IMPLEMENTATIONS = YES;
				CLANG_WARN_DIRECT_OBJC_ISA_USAGE = YES_ERROR;
				CLANG_WARN_DOCUMENTATION_COMMENTS = YES;
				CLANG_WARN_EMPTY_BODY = YES;
				CLANG_WARN_ENUM_CONVERSION = YES;
				CLANG_WARN_INFINITE_RECURSION = YES;
				CLANG_WARN_INT_CONVERSION = YES;
				CLANG_WARN_NON_LITERAL_NULL_CONVERSION = YES;
				CLANG_WARN_OBJC_IMPLICIT_RETAIN_SELF = YES;
				CLANG_WARN_OBJC_LITERAL_CONVERSION = YES;
				CLANG_WARN_OBJC_ROOT_CLASS = YES_ERROR;
				CLANG_WARN_QUOTED_INCLUDE_IN_FRAMEWORK_HEADER = YES;
				CLANG_WARN_RANGE_LOOP_ANALYSIS = YES;
				CLANG_WARN_STRICT_PROTOTYPES = YES;
				CLANG_WARN_SUSPICIOUS_MOVE = YES;
				CLANG_WARN_UNGUARDED_AVAILABILITY = YES_AGGRESSIVE;
				CLANG_WARN_UNREACHABLE_CODE = YES;
				CLANG_WARN__DUPLICATE_METHOD_MATCH = YES;
				COPY_PHASE_STRIP = NO;
				DEBUG_INFORMATION_FORMAT = dwarf;
				ENABLE_STRICT_OBJC_MSGSEND = YES;
				ENABLE_TESTABILITY = YES;
				GCC_C_LANGUAGE_STANDARD = gnu11;
				GCC_DYNAMIC_NO_PIC = NO;
				GCC_NO_COMMON_BLOCKS = YES;
				GCC_OPTIMIZATION_LEVEL = 0;
				GCC_PREPROCESSOR_DEFINITIONS = (
					"DEBUG=1",
					"$(inherited)",
				);
				GCC_WARN_64_TO_32_BIT_CONVERSION = YES;
				GCC_WARN_ABOUT_RETURN_TYPE = YES_ERROR;
				GCC_WARN_UNDECLARED_SELECTOR = YES;
				GCC_WARN_UNINITIALIZED_AUTOS = YES_AGGRESSIVE;
				GCC_WARN_UNUSED_FUNCTION = YES;
				GCC_WARN_UNUSED_VARIABLE = YES;
				MACOSX_DEPLOYMENT_TARGET = 13.3;
				MTL_ENABLE_DEBUG_INFO = INCLUDE_SOURCE;
				MTL_FAST_MATH = YES;
				ONLY_ACTIVE_ARCH = YES;
				SDKROOT = macosx;
			};
			name = Debug;
		};
		BAB9CF702A8E8D3E006E31FB /* Release */ = {
			isa = XCBuildConfiguration;
			buildSettings = {
				ALWAYS_SEARCH_USER_PATHS = NO;
				CLANG_ANALYZER_NONNULL = YES;
				CLANG_ANALYZER_NUMBER_OBJECT_CONVERSION = YES_AGGRESSIVE;
				CLANG_CXX_LANGUAGE_STANDARD = "gnu++20";
				CLANG_ENABLE_MODULES = YES;
				CLANG_ENABLE_OBJC_ARC = YES;
				CLANG_ENABLE_OBJC_WEAK = YES;
				CLANG_WARN_BLOCK_CAPTURE_AUTORELEASING = YES;
				CLANG_WARN_BOOL_CONVERSION = YES;
				CLANG_WARN_COMMA = YES;
				CLANG_WARN_CONSTANT_CONVERSION = YES;
				CLANG_WARN_DEPRECATED_OBJC_IMPLEMENTATIONS = YES;
				CLANG_WARN_DIRECT_OBJC_ISA_USAGE = YES_ERROR;
				CLANG_WARN_DOCUMENTATION_COMMENTS = YES;
				CLANG_WARN_EMPTY_BODY = YES;
				CLANG_WARN_ENUM_CONVERSION = YES;
				CLANG_WARN_INFINITE_RECURSION = YES;
				CLANG_WARN_INT_CONVERSION = YES;
				CLANG_WARN_NON_LITERAL_NULL_CONVERSION = YES;
				CLANG_WARN_OBJC_IMPLICIT_RETAIN_SELF = YES;
				CLANG_WARN_OBJC_LITERAL_CONVERSION = YES;
				CLANG_WARN_OBJC_ROOT_CLASS = YES_ERROR;
				CLANG_WARN_QUOTED_INCLUDE_IN_FRAMEWORK_HEADER = YES;
				CLANG_WARN_RANGE_LOOP_ANALYSIS = YES;
				CLANG_WARN_STRICT_PROTOTYPES = YES;
				CLANG_WARN_SUSPICIOUS_MOVE = YES;
				CLANG_WARN_UNGUARDED_AVAILABILITY = YES_AGGRESSIVE;
				CLANG_WARN_UNREACHABLE_CODE = YES;
				CLANG_WARN__DUPLICATE_METHOD_MATCH = YES;
				COPY_PHASE_STRIP = NO;
				DEBUG_INFORMATION_FORMAT = "dwarf-with-dsym";
				ENABLE_NS_ASSERTIONS = NO;
				ENABLE_STRICT_OBJC_MSGSEND = YES;
				GCC_C_LANGUAGE_STANDARD = gnu11;
				GCC_NO_COMMON_BLOCKS = YES;
				GCC_WARN_64_TO_32_BIT_CONVERSION = YES;
				GCC_WARN_ABOUT_RETURN_TYPE = YES_ERROR;
				GCC_WARN_UNDECLARED_SELECTOR = YES;
				GCC_WARN_UNINITIALIZED_AUTOS = YES_AGGRESSIVE;
				GCC_WARN_UNUSED_FUNCTION = YES;
				GCC_WARN_UNUSED_VARIABLE = YES;
				MACOSX_DEPLOYMENT_TARGET = 13.3;
				MTL_ENABLE_DEBUG_INFO = NO;
				MTL_FAST_MATH = YES;
				SDKROOT = macosx;
			};
			name = Release;
		};
		BAB9CF722A8E8D3E006E31FB /* Debug */ = {
			isa = XCBuildConfiguration;
			buildSettings = {
				CODE_SIGN_STYLE = Automatic;
				FRAMEWORK_SEARCH_PATHS = (
					"$(inherited)",
					"$(LOCAL_LIBRARY_DIR)/Frameworks",
				);
				HEADER_SEARCH_PATHS = "\"$(SRCROOT)/../../SDL-release-2.28.2/include\"";
				PRODUCT_NAME = "$(TARGET_NAME)";
			};
			name = Debug;
		};
		BAB9CF732A8E8D3E006E31FB /* Release */ = {
			isa = XCBuildConfiguration;
			buildSettings = {
				CODE_SIGN_STYLE = Automatic;
				FRAMEWORK_SEARCH_PATHS = (
					"$(inherited)",
					"$(LOCAL_LIBRARY_DIR)/Frameworks",
				);
				HEADER_SEARCH_PATHS = "\"$(SRCROOT)/../../SDL-release-2.28.2/include\"";
				PRODUCT_NAME = "$(TARGET_NAME)";
			};
			name = Release;
		};
/* End XCBuildConfiguration section */

/* Begin XCConfigurationList section */
		BAB9CF652A8E8D3E006E31FB /* Build configuration list for PBXProject "GlyphEngine" */ = {
			isa = XCConfigurationList;
			buildConfigurations = (
				BAB9CF6F2A8E8D3E006E31FB /* Debug */,
				BAB9CF702A8E8D3E006E31FB /* Release */,
			);
			defaultConfigurationIsVisible = 0;
			defaultConfigurationName = Release;
		};
		BAB9CF712A8E8D3E006E31FB /* Build configuration list for PBXNativeTarget "GlyphEngine" */ = {
			isa = XCConfigurationList;
			buildConfigurations = (
				BAB9CF722A8E8D3E006E31FB /* Debug */,
				BAB9CF732A8E8D3E006E31FB /* Release */,
			);
			defaultConfigurationIsVisible = 0;
			defaultConfigurationName = Release;
		};
/* End XCConfigurationList section */
	};
	rootObject = BAB9CF622A8E8D3E006E31FB /* Project object */;
}
